// !$*UTF8*$!
{
	archiveVersion = 1;
	classes = {
	};
	objectVersion = 56;
	objects = {

/* Begin PBXBuildFile section */
		ECC4DE3D2D97587200AE9F76 /* NutrakApp.swift in Sources */ = {isa = PBXBuildFile; fileRef = ECC4DE3C2D97587200AE9F76 /* NutrakApp.swift */; };
		ECC4DE412D97587400AE9F76 /* Assets.xcassets in Resources */ = {isa = PBXBuildFile; fileRef = ECC4DE402D97587400AE9F76 /* Assets.xcassets */; };
		ECC4DE442D97587400AE9F76 /* Preview Assets.xcassets in Resources */ = {isa = PBXBuildFile; fileRef = ECC4DE432D97587400AE9F76 /* Preview Assets.xcassets */; };
		ECC4DE532D9759D400AE9F76 /* TabBarView.swift in Sources */ = {isa = PBXBuildFile; fileRef = ECC4DE522D9759D400AE9F76 /* TabBarView.swift */; };
		ECC4DE552D975A1900AE9F76 /* CameraScannerView.swift in Sources */ = {isa = PBXBuildFile; fileRef = ECC4DE542D975A1900AE9F76 /* CameraScannerView.swift */; };
/* End PBXBuildFile section */

/* Begin PBXFileReference section */
		ECC4DE392D97587200AE9F76 /* Nutrak.app */ = {isa = PBXFileReference; explicitFileType = wrapper.application; includeInIndex = 0; path = Nutrak.app; sourceTree = BUILT_PRODUCTS_DIR; };
		ECC4DE3C2D97587200AE9F76 /* NutrakApp.swift */ = {isa = PBXFileReference; lastKnownFileType = sourcecode.swift; path = NutrakApp.swift; sourceTree = "<group>"; };
		ECC4DE402D97587400AE9F76 /* Assets.xcassets */ = {isa = PBXFileReference; lastKnownFileType = folder.assetcatalog; path = Assets.xcassets; sourceTree = "<group>"; };
		ECC4DE432D97587400AE9F76 /* Preview Assets.xcassets */ = {isa = PBXFileReference; lastKnownFileType = folder.assetcatalog; path = "Preview Assets.xcassets"; sourceTree = "<group>"; };
		ECC4DE522D9759D400AE9F76 /* TabBarView.swift */ = {isa = PBXFileReference; fileEncoding = 4; lastKnownFileType = sourcecode.swift; path = TabBarView.swift; sourceTree = "<group>"; };
		ECC4DE542D975A1900AE9F76 /* CameraScannerView.swift */ = {isa = PBXFileReference; lastKnownFileType = sourcecode.swift; path = CameraScannerView.swift; sourceTree = "<group>"; };
/* End PBXFileReference section */

/* Begin PBXFrameworksBuildPhase section */
		ECC4DE362D97587200AE9F76 /* Frameworks */ = {
			isa = PBXFrameworksBuildPhase;
			buildActionMask = 2147483647;
			files = (
			);
			runOnlyForDeploymentPostprocessing = 0;
		};
/* End PBXFrameworksBuildPhase section */

/* Begin PBXGroup section */
		ECC4DE302D97587200AE9F76 = {
			isa = PBXGroup;
			children = (
				ECC4DE3B2D97587200AE9F76 /* Nutrak */,
				ECC4DE3A2D97587200AE9F76 /* Products */,
			);
			sourceTree = "<group>";
		};
		ECC4DE3A2D97587200AE9F76 /* Products */ = {
			isa = PBXGroup;
			children = (
				ECC4DE392D97587200AE9F76 /* Nutrak.app */,
			);
			name = Products;
			sourceTree = "<group>";
		};
		ECC4DE3B2D97587200AE9F76 /* Nutrak */ = {
			isa = PBXGroup;
			children = (
				ECC4DE512D9759BE00AE9F76 /* ReusableComponents */,
				ECC4DE4D2D9758C400AE9F76 /* ScannerScreen */,
				ECC4DE4A2D97589300AE9F76 /* App */,
				ECC4DE422D97587400AE9F76 /* Preview Content */,
				ECC4DE4C2D9758A500AE9F76 /* Resources */,
				ECC4DE4B2D97589E00AE9F76 /* Utils */,
			);
			path = Nutrak;
			sourceTree = "<group>";
		};
		ECC4DE422D97587400AE9F76 /* Preview Content */ = {
			isa = PBXGroup;
			children = (
				ECC4DE432D97587400AE9F76 /* Preview Assets.xcassets */,
			);
			path = "Preview Content";
			sourceTree = "<group>";
		};
		ECC4DE4A2D97589300AE9F76 /* App */ = {
			isa = PBXGroup;
			children = (
				ECC4DE3C2D97587200AE9F76 /* NutrakApp.swift */,
			);
			path = App;
			sourceTree = "<group>";
		};
		ECC4DE4B2D97589E00AE9F76 /* Utils */ = {
			isa = PBXGroup;
			children = (
			);
			path = Utils;
			sourceTree = "<group>";
		};
		ECC4DE4C2D9758A500AE9F76 /* Resources */ = {
			isa = PBXGroup;
			children = (
				ECC4DE402D97587400AE9F76 /* Assets.xcassets */,
			);
			path = Resources;
			sourceTree = "<group>";
		};
		ECC4DE4D2D9758C400AE9F76 /* ScannerScreen */ = {
			isa = PBXGroup;
			children = (
				ECC4DE502D9758E700AE9F76 /* Model */,
				ECC4DE4F2D9758DB00AE9F76 /* ViewModel */,
				ECC4DE4E2D9758D500AE9F76 /* View */,
			);
			path = ScannerScreen;
			sourceTree = "<group>";
		};
		ECC4DE4E2D9758D500AE9F76 /* View */ = {
			isa = PBXGroup;
			children = (
				ECC4DE542D975A1900AE9F76 /* CameraScannerView.swift */,
			);
			path = View;
			sourceTree = "<group>";
		};
		ECC4DE4F2D9758DB00AE9F76 /* ViewModel */ = {
			isa = PBXGroup;
			children = (
			);
			path = ViewModel;
			sourceTree = "<group>";
		};
		ECC4DE502D9758E700AE9F76 /* Model */ = {
			isa = PBXGroup;
			children = (
			);
			path = Model;
			sourceTree = "<group>";
		};
		ECC4DE512D9759BE00AE9F76 /* ReusableComponents */ = {
			isa = PBXGroup;
			children = (
				ECC4DE522D9759D400AE9F76 /* TabBarView.swift */,
			);
			path = ReusableComponents;
			sourceTree = "<group>";
		};
/* End PBXGroup section */

/* Begin PBXNativeTarget section */
		ECC4DE382D97587200AE9F76 /* Nutrak */ = {
			isa = PBXNativeTarget;
			buildConfigurationList = ECC4DE472D97587400AE9F76 /* Build configuration list for PBXNativeTarget "Nutrak" */;
			buildPhases = (
				ECC4DE352D97587200AE9F76 /* Sources */,
				ECC4DE362D97587200AE9F76 /* Frameworks */,
				ECC4DE372D97587200AE9F76 /* Resources */,
			);
			buildRules = (
			);
			dependencies = (
			);
			name = Nutrak;
			productName = Nutrak;
			productReference = ECC4DE392D97587200AE9F76 /* Nutrak.app */;
			productType = "com.apple.product-type.application";
		};
/* End PBXNativeTarget section */

/* Begin PBXProject section */
		ECC4DE312D97587200AE9F76 /* Project object */ = {
			isa = PBXProject;
			attributes = {
				BuildIndependentTargetsInParallel = 1;
				LastSwiftUpdateCheck = 1530;
				LastUpgradeCheck = 1530;
				TargetAttributes = {
					ECC4DE382D97587200AE9F76 = {
						CreatedOnToolsVersion = 15.3;
					};
				};
			};
			buildConfigurationList = ECC4DE342D97587200AE9F76 /* Build configuration list for PBXProject "Nutrak" */;
			compatibilityVersion = "Xcode 14.0";
			developmentRegion = en;
			hasScannedForEncodings = 0;
			knownRegions = (
				en,
				Base,
			);
			mainGroup = ECC4DE302D97587200AE9F76;
			productRefGroup = ECC4DE3A2D97587200AE9F76 /* Products */;
			projectDirPath = "";
			projectRoot = "";
			targets = (
				ECC4DE382D97587200AE9F76 /* Nutrak */,
			);
		};
/* End PBXProject section */

/* Begin PBXResourcesBuildPhase section */
		ECC4DE372D97587200AE9F76 /* Resources */ = {
			isa = PBXResourcesBuildPhase;
			buildActionMask = 2147483647;
			files = (
				ECC4DE442D97587400AE9F76 /* Preview Assets.xcassets in Resources */,
				ECC4DE412D97587400AE9F76 /* Assets.xcassets in Resources */,
			);
			runOnlyForDeploymentPostprocessing = 0;
		};
/* End PBXResourcesBuildPhase section */

/* Begin PBXSourcesBuildPhase section */
		ECC4DE352D97587200AE9F76 /* Sources */ = {
			isa = PBXSourcesBuildPhase;
			buildActionMask = 2147483647;
			files = (
				ECC4DE552D975A1900AE9F76 /* CameraScannerView.swift in Sources */,
				ECC4DE532D9759D400AE9F76 /* TabBarView.swift in Sources */,
				ECC4DE3D2D97587200AE9F76 /* NutrakApp.swift in Sources */,
			);
			runOnlyForDeploymentPostprocessing = 0;
		};
/* End PBXSourcesBuildPhase section */

/* Begin XCBuildConfiguration section */
		ECC4DE452D97587400AE9F76 /* Debug */ = {
			isa = XCBuildConfiguration;
			buildSettings = {
				ALWAYS_SEARCH_USER_PATHS = NO;
				ASSETCATALOG_COMPILER_GENERATE_SWIFT_ASSET_SYMBOL_EXTENSIONS = YES;
				CLANG_ANALYZER_NONNULL = YES;
				CLANG_ANALYZER_NUMBER_OBJECT_CONVERSION = YES_AGGRESSIVE;
				CLANG_CXX_LANGUAGE_STANDARD = "gnu++20";
				CLANG_ENABLE_MODULES = YES;
				CLANG_ENABLE_OBJC_ARC = YES;
				CLANG_ENABLE_OBJC_WEAK = YES;
				CLANG_WARN_BLOCK_CAPTURE_AUTORELEASING = YES;
				CLANG_WARN_BOOL_CONVERSION = YES;
				CLANG_WARN_COMMA = YES;
				CLANG_WARN_CONSTANT_CONVERSION = YES;
				CLANG_WARN_DEPRECATED_OBJC_IMPLEMENTATIONS = YES;
				CLANG_WARN_DIRECT_OBJC_ISA_USAGE = YES_ERROR;
				CLANG_WARN_DOCUMENTATION_COMMENTS = YES;
				CLANG_WARN_EMPTY_BODY = YES;
				CLANG_WARN_ENUM_CONVERSION = YES;
				CLANG_WARN_INFINITE_RECURSION = YES;
				CLANG_WARN_INT_CONVERSION = YES;
				CLANG_WARN_NON_LITERAL_NULL_CONVERSION = YES;
				CLANG_WARN_OBJC_IMPLICIT_RETAIN_SELF = YES;
				CLANG_WARN_OBJC_LITERAL_CONVERSION = YES;
				CLANG_WARN_OBJC_ROOT_CLASS = YES_ERROR;
				CLANG_WARN_QUOTED_INCLUDE_IN_FRAMEWORK_HEADER = YES;
				CLANG_WARN_RANGE_LOOP_ANALYSIS = YES;
				CLANG_WARN_STRICT_PROTOTYPES = YES;
				CLANG_WARN_SUSPICIOUS_MOVE = YES;
				CLANG_WARN_UNGUARDED_AVAILABILITY = YES_AGGRESSIVE;
				CLANG_WARN_UNREACHABLE_CODE = YES;
				CLANG_WARN__DUPLICATE_METHOD_MATCH = YES;
				COPY_PHASE_STRIP = NO;
				DEBUG_INFORMATION_FORMAT = dwarf;
				ENABLE_STRICT_OBJC_MSGSEND = YES;
				ENABLE_TESTABILITY = YES;
				ENABLE_USER_SCRIPT_SANDBOXING = YES;
				GCC_C_LANGUAGE_STANDARD = gnu17;
				GCC_DYNAMIC_NO_PIC = NO;
				GCC_NO_COMMON_BLOCKS = YES;
				GCC_OPTIMIZATION_LEVEL = 0;
				GCC_PREPROCESSOR_DEFINITIONS = (
					"DEBUG=1",
					"$(inherited)",
				);
				GCC_WARN_64_TO_32_BIT_CONVERSION = YES;
				GCC_WARN_ABOUT_RETURN_TYPE = YES_ERROR;
				GCC_WARN_UNDECLARED_SELECTOR = YES;
				GCC_WARN_UNINITIALIZED_AUTOS = YES_AGGRESSIVE;
				GCC_WARN_UNUSED_FUNCTION = YES;
				GCC_WARN_UNUSED_VARIABLE = YES;
				IPHONEOS_DEPLOYMENT_TARGET = 17.4;
				LOCALIZATION_PREFERS_STRING_CATALOGS = YES;
				MTL_ENABLE_DEBUG_INFO = INCLUDE_SOURCE;
				MTL_FAST_MATH = YES;
				ONLY_ACTIVE_ARCH = YES;
				SDKROOT = iphoneos;
				SWIFT_ACTIVE_COMPILATION_CONDITIONS = "DEBUG $(inherited)";
				SWIFT_OPTIMIZATION_LEVEL = "-Onone";
			};
			name = Debug;
		};
		ECC4DE462D97587400AE9F76 /* Release */ = {
			isa = XCBuildConfiguration;
			buildSettings = {
				ALWAYS_SEARCH_USER_PATHS = NO;
				ASSETCATALOG_COMPILER_GENERATE_SWIFT_ASSET_SYMBOL_EXTENSIONS = YES;
				CLANG_ANALYZER_NONNULL = YES;
				CLANG_ANALYZER_NUMBER_OBJECT_CONVERSION = YES_AGGRESSIVE;
				CLANG_CXX_LANGUAGE_STANDARD = "gnu++20";
				CLANG_ENABLE_MODULES = YES;
				CLANG_ENABLE_OBJC_ARC = YES;
				CLANG_ENABLE_OBJC_WEAK = YES;
				CLANG_WARN_BLOCK_CAPTURE_AUTORELEASING = YES;
				CLANG_WARN_BOOL_CONVERSION = YES;
				CLANG_WARN_COMMA = YES;
				CLANG_WARN_CONSTANT_CONVERSION = YES;
				CLANG_WARN_DEPRECATED_OBJC_IMPLEMENTATIONS = YES;
				CLANG_WARN_DIRECT_OBJC_ISA_USAGE = YES_ERROR;
				CLANG_WARN_DOCUMENTATION_COMMENTS = YES;
				CLANG_WARN_EMPTY_BODY = YES;
				CLANG_WARN_ENUM_CONVERSION = YES;
				CLANG_WARN_INFINITE_RECURSION = YES;
				CLANG_WARN_INT_CONVERSION = YES;
				CLANG_WARN_NON_LITERAL_NULL_CONVERSION = YES;
				CLANG_WARN_OBJC_IMPLICIT_RETAIN_SELF = YES;
				CLANG_WARN_OBJC_LITERAL_CONVERSION = YES;
				CLANG_WARN_OBJC_ROOT_CLASS = YES_ERROR;
				CLANG_WARN_QUOTED_INCLUDE_IN_FRAMEWORK_HEADER = YES;
				CLANG_WARN_RANGE_LOOP_ANALYSIS = YES;
				CLANG_WARN_STRICT_PROTOTYPES = YES;
				CLANG_WARN_SUSPICIOUS_MOVE = YES;
				CLANG_WARN_UNGUARDED_AVAILABILITY = YES_AGGRESSIVE;
				CLANG_WARN_UNREACHABLE_CODE = YES;
				CLANG_WARN__DUPLICATE_METHOD_MATCH = YES;
				COPY_PHASE_STRIP = NO;
				DEBUG_INFORMATION_FORMAT = "dwarf-with-dsym";
				ENABLE_NS_ASSERTIONS = NO;
				ENABLE_STRICT_OBJC_MSGSEND = YES;
				ENABLE_USER_SCRIPT_SANDBOXING = YES;
				GCC_C_LANGUAGE_STANDARD = gnu17;
				GCC_NO_COMMON_BLOCKS = YES;
				GCC_WARN_64_TO_32_BIT_CONVERSION = YES;
				GCC_WARN_ABOUT_RETURN_TYPE = YES_ERROR;
				GCC_WARN_UNDECLARED_SELECTOR = YES;
				GCC_WARN_UNINITIALIZED_AUTOS = YES_AGGRESSIVE;
				GCC_WARN_UNUSED_FUNCTION = YES;
				GCC_WARN_UNUSED_VARIABLE = YES;
				IPHONEOS_DEPLOYMENT_TARGET = 17.4;
				LOCALIZATION_PREFERS_STRING_CATALOGS = YES;
				MTL_ENABLE_DEBUG_INFO = NO;
				MTL_FAST_MATH = YES;
				SDKROOT = iphoneos;
				SWIFT_COMPILATION_MODE = wholemodule;
				VALIDATE_PRODUCT = YES;
			};
			name = Release;
		};
		ECC4DE482D97587400AE9F76 /* Debug */ = {
			isa = XCBuildConfiguration;
			buildSettings = {
				ASSETCATALOG_COMPILER_APPICON_NAME = AppIcon;
				ASSETCATALOG_COMPILER_GLOBAL_ACCENT_COLOR_NAME = AccentColor;
				CODE_SIGN_STYLE = Automatic;
				CURRENT_PROJECT_VERSION = 1;
				DEVELOPMENT_ASSET_PATHS = "\"Nutrak/Preview Content\"";
				ENABLE_PREVIEWS = YES;
				GENERATE_INFOPLIST_FILE = YES;
				INFOPLIST_KEY_UIApplicationSceneManifest_Generation = YES;
				INFOPLIST_KEY_UIApplicationSupportsIndirectInputEvents = YES;
				INFOPLIST_KEY_UILaunchScreen_Generation = YES;
				INFOPLIST_KEY_UISupportedInterfaceOrientations_iPad = "UIInterfaceOrientationPortrait UIInterfaceOrientationPortraitUpsideDown UIInterfaceOrientationLandscapeLeft UIInterfaceOrientationLandscapeRight";
				INFOPLIST_KEY_UISupportedInterfaceOrientations_iPhone = "UIInterfaceOrientationPortrait UIInterfaceOrientationLandscapeLeft UIInterfaceOrientationLandscapeRight";
				LD_RUNPATH_SEARCH_PATHS = (
					"$(inherited)",
					"@executable_path/Frameworks",
				);
				MARKETING_VERSION = 1.0;
				PRODUCT_BUNDLE_IDENTIFIER = com.amrMuhammad.Nutrak;
				PRODUCT_NAME = "$(TARGET_NAME)";
				SWIFT_EMIT_LOC_STRINGS = YES;
				SWIFT_VERSION = 5.0;
				TARGETED_DEVICE_FAMILY = "1,2";
			};
			name = Debug;
		};
		ECC4DE492D97587400AE9F76 /* Release */ = {
			isa = XCBuildConfiguration;
			buildSettings = {
				ASSETCATALOG_COMPILER_APPICON_NAME = AppIcon;
				ASSETCATALOG_COMPILER_GLOBAL_ACCENT_COLOR_NAME = AccentColor;
				CODE_SIGN_STYLE = Automatic;
				CURRENT_PROJECT_VERSION = 1;
				DEVELOPMENT_ASSET_PATHS = "\"Nutrak/Preview Content\"";
				ENABLE_PREVIEWS = YES;
				GENERATE_INFOPLIST_FILE = YES;
				INFOPLIST_KEY_UIApplicationSceneManifest_Generation = YES;
				INFOPLIST_KEY_UIApplicationSupportsIndirectInputEvents = YES;
				INFOPLIST_KEY_UILaunchScreen_Generation = YES;
				INFOPLIST_KEY_UISupportedInterfaceOrientations_iPad = "UIInterfaceOrientationPortrait UIInterfaceOrientationPortraitUpsideDown UIInterfaceOrientationLandscapeLeft UIInterfaceOrientationLandscapeRight";
				INFOPLIST_KEY_UISupportedInterfaceOrientations_iPhone = "UIInterfaceOrientationPortrait UIInterfaceOrientationLandscapeLeft UIInterfaceOrientationLandscapeRight";
				LD_RUNPATH_SEARCH_PATHS = (
					"$(inherited)",
					"@executable_path/Frameworks",
				);
				MARKETING_VERSION = 1.0;
				PRODUCT_BUNDLE_IDENTIFIER = com.amrMuhammad.Nutrak;
				PRODUCT_NAME = "$(TARGET_NAME)";
				SWIFT_EMIT_LOC_STRINGS = YES;
				SWIFT_VERSION = 5.0;
				TARGETED_DEVICE_FAMILY = "1,2";
			};
			name = Release;
		};
/* End XCBuildConfiguration section */

/* Begin XCConfigurationList section */
		ECC4DE342D97587200AE9F76 /* Build configuration list for PBXProject "Nutrak" */ = {
			isa = XCConfigurationList;
			buildConfigurations = (
				ECC4DE452D97587400AE9F76 /* Debug */,
				ECC4DE462D97587400AE9F76 /* Release */,
			);
			defaultConfigurationIsVisible = 0;
			defaultConfigurationName = Release;
		};
		ECC4DE472D97587400AE9F76 /* Build configuration list for PBXNativeTarget "Nutrak" */ = {
			isa = XCConfigurationList;
			buildConfigurations = (
				ECC4DE482D97587400AE9F76 /* Debug */,
				ECC4DE492D97587400AE9F76 /* Release */,
			);
			defaultConfigurationIsVisible = 0;
			defaultConfigurationName = Release;
		};
/* End XCConfigurationList section */
	};
	rootObject = ECC4DE312D97587200AE9F76 /* Project object */;
}
